{
  "name": "moderately-safepetri",
  "version": "1.0.0",
  "lockfileVersion": 1,
  "requires": true,
  "dependencies": {
    "jsfeat": {
      "version": "0.0.8",
      "resolved": "https://registry.npmjs.org/jsfeat/-/jsfeat-0.0.8.tgz",
      "integrity": "sha1-ese1mwneExSNnqybul7bPvWh6GI="
    }
  }
}
